
Microsoft Visual Studio Solution File, Format Version 12.00
# Visual Studio Version 16
VisualStudioVersion = 16.0.29519.87
MinimumVisualStudioVersion = 10.0.40219.1
Project("{FAE04EC0-301F-11D3-BF4B-00C04F79EFBC}") = "SearchEngineAutomation", "SearchEngineAutomation\SearchEngineAutomation.csproj", "{E1E9537C-56DD-4B3E-8EE2-2B90C8C3766D}"
EndProject
Global
	GlobalSection(SolutionConfigurationPlatforms) = preSolution
		Debug|Any CPU = Debug|Any CPU
		Release|Any CPU = Release|Any CPU
	EndGlobalSection
	GlobalSection(ProjectConfigurationPlatforms) = postSolution
		{E1E9537C-56DD-4B3E-8EE2-2B90C8C3766D}.Debug|Any CPU.ActiveCfg = Debug|Any CPU
		{E1E9537C-56DD-4B3E-8EE2-2B90C8C3766D}.Debug|Any CPU.Build.0 = Debug|Any CPU
		{E1E9537C-56DD-4B3E-8EE2-2B90C8C3766D}.Release|Any CPU.ActiveCfg = Release|Any CPU
		{E1E9537C-56DD-4B3E-8EE2-2B90C8C3766D}.Release|Any CPU.Build.0 = Release|Any CPU
	EndGlobalSection
	GlobalSection(SolutionProperties) = preSolution
		HideSolutionNode = FALSE
	EndGlobalSection
	GlobalSection(ExtensibilityGlobals) = postSolution
		SolutionGuid = {5F14DB8C-0993-4B0B-8188-B5FE8FB174A8}
	EndGlobalSection
EndGlobal
